// !$*UTF8*$!
{
	archiveVersion = 1;
	classes = {
	};
	objectVersion = 46;
	objects = {

/* Begin PBXBuildFile section */
		3A50AB231CBD1C5000BD7B1B /* AppDelegate.swift in Sources */ = {isa = PBXBuildFile; fileRef = 3A50AB221CBD1C5000BD7B1B /* AppDelegate.swift */; };
		3A50AB251CBD1C5000BD7B1B /* LoginViewController.swift in Sources */ = {isa = PBXBuildFile; fileRef = 3A50AB241CBD1C5000BD7B1B /* LoginViewController.swift */; };
		3A50AB281CBD1C5000BD7B1B /* Main.storyboard in Resources */ = {isa = PBXBuildFile; fileRef = 3A50AB261CBD1C5000BD7B1B /* Main.storyboard */; };
		3A50AB2A1CBD1C5100BD7B1B /* Assets.xcassets in Resources */ = {isa = PBXBuildFile; fileRef = 3A50AB291CBD1C5100BD7B1B /* Assets.xcassets */; };
		3A50AB2D1CBD1C5100BD7B1B /* LaunchScreen.storyboard in Resources */ = {isa = PBXBuildFile; fileRef = 3A50AB2B1CBD1C5100BD7B1B /* LaunchScreen.storyboard */; };
		3A50AB381CBD1C5100BD7B1B /* PantarevirTests.swift in Sources */ = {isa = PBXBuildFile; fileRef = 3A50AB371CBD1C5100BD7B1B /* PantarevirTests.swift */; };
		3A50AB431CBD1C5100BD7B1B /* PantarevirUITests.swift in Sources */ = {isa = PBXBuildFile; fileRef = 3A50AB421CBD1C5100BD7B1B /* PantarevirUITests.swift */; };
		3A50AB531CBD299300BD7B1B /* ForgotPasswordViewController.swift in Sources */ = {isa = PBXBuildFile; fileRef = 3A50AB521CBD299300BD7B1B /* ForgotPasswordViewController.swift */; };
		3A90A8B51CBD2A2D00D32D65 /* MainMenuViewController.swift in Sources */ = {isa = PBXBuildFile; fileRef = 3A90A8B41CBD2A2D00D32D65 /* MainMenuViewController.swift */; };
		3A90A8B91CBD2B0F00D32D65 /* CreateAccountViewController.swift in Sources */ = {isa = PBXBuildFile; fileRef = 3A90A8B81CBD2B0F00D32D65 /* CreateAccountViewController.swift */; };
		3A90A8BB1CBD2D2F00D32D65 /* Constants.swift in Sources */ = {isa = PBXBuildFile; fileRef = 3A90A8BA1CBD2D2F00D32D65 /* Constants.swift */; };
		3A90A8BD1CBD2D4600D32D65 /* DataService.swift in Sources */ = {isa = PBXBuildFile; fileRef = 3A90A8BC1CBD2D4600D32D65 /* DataService.swift */; };
		3A90A8BF1CBD2D5A00D32D65 /* UserInfo.swift in Sources */ = {isa = PBXBuildFile; fileRef = 3A90A8BE1CBD2D5A00D32D65 /* UserInfo.swift */; };
		3A9412AF1CDA712E00F13CDD /* Receipt.swift in Sources */ = {isa = PBXBuildFile; fileRef = 3A9412AE1CDA712E00F13CDD /* Receipt.swift */; };
		3ADFB5221CCFE64700AA47C0 /* ScanReceiptViewController.swift in Sources */ = {isa = PBXBuildFile; fileRef = 3ADFB5211CCFE64700AA47C0 /* ScanReceiptViewController.swift */; };
		52CCED67302B48158E12C7ED /* Pods.framework in Frameworks */ = {isa = PBXBuildFile; fileRef = CFC13975D2AA81C9331ADD0B /* Pods.framework */; };
		6300E0061CDA837300A4F4E2 /* StatisticsTableViewController.swift in Sources */ = {isa = PBXBuildFile; fileRef = 6300E0051CDA837300A4F4E2 /* StatisticsTableViewController.swift */; };
		6300E0081CDB770B00A4F4E2 /* StatisticsTableViewCell.swift in Sources */ = {isa = PBXBuildFile; fileRef = 6300E0071CDB770B00A4F4E2 /* StatisticsTableViewCell.swift */; };
		6300E00A1CDD009900A4F4E2 /* ActivityInfo.swift in Sources */ = {isa = PBXBuildFile; fileRef = 6300E0091CDD009900A4F4E2 /* ActivityInfo.swift */; };
		6300E00E1CDD55C000A4F4E2 /* StatisticsViewController.swift in Sources */ = {isa = PBXBuildFile; fileRef = 6300E00D1CDD55C000A4F4E2 /* StatisticsViewController.swift */; };
		630178A91CC4FAD200769027 /* ToplistViewController.swift in Sources */ = {isa = PBXBuildFile; fileRef = 630178A81CC4FAD200769027 /* ToplistViewController.swift */; };
		632264BE1CC50A48008D7A86 /* ToplistTableViewCell.swift in Sources */ = {isa = PBXBuildFile; fileRef = 632264BD1CC50A48008D7A86 /* ToplistTableViewCell.swift */; };
		635DDA1C1CC06D8C00AA6503 /* MenuController.swift in Sources */ = {isa = PBXBuildFile; fileRef = 635DDA1B1CC06D8C00AA6503 /* MenuController.swift */; };
		636E4C8D1CC50D4100904A43 /* ToplistTableViewController.swift in Sources */ = {isa = PBXBuildFile; fileRef = 636E4C8C1CC50D4100904A43 /* ToplistTableViewController.swift */; };
		636E4C8F1CCBE2C300904A43 /* SettingsViewController.swift in Sources */ = {isa = PBXBuildFile; fileRef = 636E4C8E1CCBE2C300904A43 /* SettingsViewController.swift */; };
		636E4C911CD79BDD00904A43 /* MapViewController.swift in Sources */ = {isa = PBXBuildFile; fileRef = 636E4C901CD79BDD00904A43 /* MapViewController.swift */; };
		63FECA751CE53F980091A682 /* StoresTableViewController.swift in Sources */ = {isa = PBXBuildFile; fileRef = 63FECA741CE53F980091A682 /* StoresTableViewController.swift */; };
		63FECA771CE53FE00091A682 /* StoresTableViewCell.swift in Sources */ = {isa = PBXBuildFile; fileRef = 63FECA761CE53FE00091A682 /* StoresTableViewCell.swift */; };
		63FECA7B1CE549580091A682 /* Store.swift in Sources */ = {isa = PBXBuildFile; fileRef = 63FECA7A1CE549580091A682 /* Store.swift */; };
		63FECA7D1CE554040091A682 /* StoresViewController.swift in Sources */ = {isa = PBXBuildFile; fileRef = 63FECA7C1CE554040091A682 /* StoresViewController.swift */; };
		B0F363B11CD9148E000D6D30 /* MapKit.framework in Frameworks */ = {isa = PBXBuildFile; fileRef = B0F363B01CD9148E000D6D30 /* MapKit.framework */; };
		B0F363BB1CD91746000D6D30 /* MKRevirAnnotation.swift in Sources */ = {isa = PBXBuildFile; fileRef = B0F363B61CD91746000D6D30 /* MKRevirAnnotation.swift */; };
		B0F363BD1CD91746000D6D30 /* RevirAnnotationView.swift in Sources */ = {isa = PBXBuildFile; fileRef = B0F363B81CD91746000D6D30 /* RevirAnnotationView.swift */; };
		B0F363C01CD91837000D6D30 /* MKRevirCircleRenderer.swift in Sources */ = {isa = PBXBuildFile; fileRef = B0F363BF1CD91837000D6D30 /* MKRevirCircleRenderer.swift */; };
		B0F363C21CD918A5000D6D30 /* Revir.swift in Sources */ = {isa = PBXBuildFile; fileRef = B0F363C11CD918A5000D6D30 /* Revir.swift */; };
/* End PBXBuildFile section */

/* Begin PBXContainerItemProxy section */
		3A50AB341CBD1C5100BD7B1B /* PBXContainerItemProxy */ = {
			isa = PBXContainerItemProxy;
			containerPortal = 3A50AB171CBD1C5000BD7B1B /* Project object */;
			proxyType = 1;
			remoteGlobalIDString = 3A50AB1E1CBD1C5000BD7B1B;
			remoteInfo = Pantarevir;
		};
		3A50AB3F1CBD1C5100BD7B1B /* PBXContainerItemProxy */ = {
			isa = PBXContainerItemProxy;
			containerPortal = 3A50AB171CBD1C5000BD7B1B /* Project object */;
			proxyType = 1;
			remoteGlobalIDString = 3A50AB1E1CBD1C5000BD7B1B;
			remoteInfo = Pantarevir;
		};
/* End PBXContainerItemProxy section */

/* Begin PBXFileReference section */
		3A50AB1F1CBD1C5000BD7B1B /* Pantarevir.app */ = {isa = PBXFileReference; explicitFileType = wrapper.application; includeInIndex = 0; path = Pantarevir.app; sourceTree = BUILT_PRODUCTS_DIR; };
		3A50AB221CBD1C5000BD7B1B /* AppDelegate.swift */ = {isa = PBXFileReference; lastKnownFileType = sourcecode.swift; path = AppDelegate.swift; sourceTree = "<group>"; };
		3A50AB241CBD1C5000BD7B1B /* LoginViewController.swift */ = {isa = PBXFileReference; lastKnownFileType = sourcecode.swift; path = LoginViewController.swift; sourceTree = "<group>"; };
		3A50AB271CBD1C5000BD7B1B /* Base */ = {isa = PBXFileReference; lastKnownFileType = file.storyboard; name = Base; path = Base.lproj/Main.storyboard; sourceTree = "<group>"; };
		3A50AB291CBD1C5100BD7B1B /* Assets.xcassets */ = {isa = PBXFileReference; lastKnownFileType = folder.assetcatalog; path = Assets.xcassets; sourceTree = "<group>"; };
		3A50AB2C1CBD1C5100BD7B1B /* Base */ = {isa = PBXFileReference; lastKnownFileType = file.storyboard; name = Base; path = Base.lproj/LaunchScreen.storyboard; sourceTree = "<group>"; };
		3A50AB2E1CBD1C5100BD7B1B /* Info.plist */ = {isa = PBXFileReference; lastKnownFileType = text.plist.xml; path = Info.plist; sourceTree = "<group>"; };
		3A50AB331CBD1C5100BD7B1B /* PantarevirTests.xctest */ = {isa = PBXFileReference; explicitFileType = wrapper.cfbundle; includeInIndex = 0; path = PantarevirTests.xctest; sourceTree = BUILT_PRODUCTS_DIR; };
		3A50AB371CBD1C5100BD7B1B /* PantarevirTests.swift */ = {isa = PBXFileReference; lastKnownFileType = sourcecode.swift; path = PantarevirTests.swift; sourceTree = "<group>"; };
		3A50AB391CBD1C5100BD7B1B /* Info.plist */ = {isa = PBXFileReference; lastKnownFileType = text.plist.xml; path = Info.plist; sourceTree = "<group>"; };
		3A50AB3E1CBD1C5100BD7B1B /* PantarevirUITests.xctest */ = {isa = PBXFileReference; explicitFileType = wrapper.cfbundle; includeInIndex = 0; path = PantarevirUITests.xctest; sourceTree = BUILT_PRODUCTS_DIR; };
		3A50AB421CBD1C5100BD7B1B /* PantarevirUITests.swift */ = {isa = PBXFileReference; lastKnownFileType = sourcecode.swift; path = PantarevirUITests.swift; sourceTree = "<group>"; };
		3A50AB441CBD1C5100BD7B1B /* Info.plist */ = {isa = PBXFileReference; lastKnownFileType = text.plist.xml; path = Info.plist; sourceTree = "<group>"; };
		3A50AB521CBD299300BD7B1B /* ForgotPasswordViewController.swift */ = {isa = PBXFileReference; fileEncoding = 4; lastKnownFileType = sourcecode.swift; path = ForgotPasswordViewController.swift; sourceTree = "<group>"; };
		3A90A8B41CBD2A2D00D32D65 /* MainMenuViewController.swift */ = {isa = PBXFileReference; fileEncoding = 4; lastKnownFileType = sourcecode.swift; path = MainMenuViewController.swift; sourceTree = "<group>"; };
		3A90A8B81CBD2B0F00D32D65 /* CreateAccountViewController.swift */ = {isa = PBXFileReference; fileEncoding = 4; lastKnownFileType = sourcecode.swift; path = CreateAccountViewController.swift; sourceTree = "<group>"; };
		3A90A8BA1CBD2D2F00D32D65 /* Constants.swift */ = {isa = PBXFileReference; fileEncoding = 4; lastKnownFileType = sourcecode.swift; path = Constants.swift; sourceTree = "<group>"; };
		3A90A8BC1CBD2D4600D32D65 /* DataService.swift */ = {isa = PBXFileReference; fileEncoding = 4; lastKnownFileType = sourcecode.swift; path = DataService.swift; sourceTree = "<group>"; };
		3A90A8BE1CBD2D5A00D32D65 /* UserInfo.swift */ = {isa = PBXFileReference; fileEncoding = 4; lastKnownFileType = sourcecode.swift; path = UserInfo.swift; sourceTree = "<group>"; };
		3A9412AE1CDA712E00F13CDD /* Receipt.swift */ = {isa = PBXFileReference; fileEncoding = 4; lastKnownFileType = sourcecode.swift; path = Receipt.swift; sourceTree = "<group>"; };
		3ADFB5211CCFE64700AA47C0 /* ScanReceiptViewController.swift */ = {isa = PBXFileReference; fileEncoding = 4; lastKnownFileType = sourcecode.swift; path = ScanReceiptViewController.swift; sourceTree = "<group>"; };
		500D809DD0C2AE3391037C7A /* Pods.release.xcconfig */ = {isa = PBXFileReference; includeInIndex = 1; lastKnownFileType = text.xcconfig; name = Pods.release.xcconfig; path = "Pods/Target Support Files/Pods/Pods.release.xcconfig"; sourceTree = "<group>"; };
		6300E0051CDA837300A4F4E2 /* StatisticsTableViewController.swift */ = {isa = PBXFileReference; fileEncoding = 4; lastKnownFileType = sourcecode.swift; path = StatisticsTableViewController.swift; sourceTree = "<group>"; };
		6300E0071CDB770B00A4F4E2 /* StatisticsTableViewCell.swift */ = {isa = PBXFileReference; fileEncoding = 4; lastKnownFileType = sourcecode.swift; path = StatisticsTableViewCell.swift; sourceTree = "<group>"; };
		6300E0091CDD009900A4F4E2 /* ActivityInfo.swift */ = {isa = PBXFileReference; fileEncoding = 4; lastKnownFileType = sourcecode.swift; path = ActivityInfo.swift; sourceTree = "<group>"; };
		6300E00D1CDD55C000A4F4E2 /* StatisticsViewController.swift */ = {isa = PBXFileReference; fileEncoding = 4; lastKnownFileType = sourcecode.swift; path = StatisticsViewController.swift; sourceTree = "<group>"; };
		630178A81CC4FAD200769027 /* ToplistViewController.swift */ = {isa = PBXFileReference; fileEncoding = 4; lastKnownFileType = sourcecode.swift; path = ToplistViewController.swift; sourceTree = "<group>"; };
		632264BD1CC50A48008D7A86 /* ToplistTableViewCell.swift */ = {isa = PBXFileReference; fileEncoding = 4; lastKnownFileType = sourcecode.swift; path = ToplistTableViewCell.swift; sourceTree = "<group>"; };
		635DDA1B1CC06D8C00AA6503 /* MenuController.swift */ = {isa = PBXFileReference; fileEncoding = 4; lastKnownFileType = sourcecode.swift; path = MenuController.swift; sourceTree = "<group>"; };
		636E4C8C1CC50D4100904A43 /* ToplistTableViewController.swift */ = {isa = PBXFileReference; fileEncoding = 4; lastKnownFileType = sourcecode.swift; path = ToplistTableViewController.swift; sourceTree = "<group>"; };
		636E4C8E1CCBE2C300904A43 /* SettingsViewController.swift */ = {isa = PBXFileReference; fileEncoding = 4; lastKnownFileType = sourcecode.swift; path = SettingsViewController.swift; sourceTree = "<group>"; };
		636E4C901CD79BDD00904A43 /* MapViewController.swift */ = {isa = PBXFileReference; fileEncoding = 4; lastKnownFileType = sourcecode.swift; path = MapViewController.swift; sourceTree = "<group>"; };
		63FECA741CE53F980091A682 /* StoresTableViewController.swift */ = {isa = PBXFileReference; fileEncoding = 4; lastKnownFileType = sourcecode.swift; path = StoresTableViewController.swift; sourceTree = "<group>"; };
		63FECA761CE53FE00091A682 /* StoresTableViewCell.swift */ = {isa = PBXFileReference; fileEncoding = 4; lastKnownFileType = sourcecode.swift; path = StoresTableViewCell.swift; sourceTree = "<group>"; };
		63FECA7A1CE549580091A682 /* Store.swift */ = {isa = PBXFileReference; fileEncoding = 4; lastKnownFileType = sourcecode.swift; path = Store.swift; sourceTree = "<group>"; };
		63FECA7C1CE554040091A682 /* StoresViewController.swift */ = {isa = PBXFileReference; fileEncoding = 4; lastKnownFileType = sourcecode.swift; path = StoresViewController.swift; sourceTree = "<group>"; };
		B0F363AC1CD913C4000D6D30 /* Pantarevir-Bridging-Header.h */ = {isa = PBXFileReference; lastKnownFileType = sourcecode.c.h; path = "Pantarevir-Bridging-Header.h"; sourceTree = "<group>"; };
		B0F363B01CD9148E000D6D30 /* MapKit.framework */ = {isa = PBXFileReference; lastKnownFileType = wrapper.framework; name = MapKit.framework; path = System/Library/Frameworks/MapKit.framework; sourceTree = SDKROOT; };
		B0F363B61CD91746000D6D30 /* MKRevirAnnotation.swift */ = {isa = PBXFileReference; fileEncoding = 4; lastKnownFileType = sourcecode.swift; path = MKRevirAnnotation.swift; sourceTree = "<group>"; };
		B0F363B81CD91746000D6D30 /* RevirAnnotationView.swift */ = {isa = PBXFileReference; fileEncoding = 4; lastKnownFileType = sourcecode.swift; path = RevirAnnotationView.swift; sourceTree = "<group>"; };
		B0F363BF1CD91837000D6D30 /* MKRevirCircleRenderer.swift */ = {isa = PBXFileReference; fileEncoding = 4; lastKnownFileType = sourcecode.swift; path = MKRevirCircleRenderer.swift; sourceTree = "<group>"; };
		B0F363C11CD918A5000D6D30 /* Revir.swift */ = {isa = PBXFileReference; fileEncoding = 4; lastKnownFileType = sourcecode.swift; path = Revir.swift; sourceTree = "<group>"; };
		CFC13975D2AA81C9331ADD0B /* Pods.framework */ = {isa = PBXFileReference; explicitFileType = wrapper.framework; includeInIndex = 0; path = Pods.framework; sourceTree = BUILT_PRODUCTS_DIR; };
		E1901AB9E4B130491AED80F5 /* Pods.debug.xcconfig */ = {isa = PBXFileReference; includeInIndex = 1; lastKnownFileType = text.xcconfig; name = Pods.debug.xcconfig; path = "Pods/Target Support Files/Pods/Pods.debug.xcconfig"; sourceTree = "<group>"; };
/* End PBXFileReference section */

/* Begin PBXFrameworksBuildPhase section */
		3A50AB1C1CBD1C5000BD7B1B /* Frameworks */ = {
			isa = PBXFrameworksBuildPhase;
			buildActionMask = 2147483647;
			files = (
				B0F363B11CD9148E000D6D30 /* MapKit.framework in Frameworks */,
				52CCED67302B48158E12C7ED /* Pods.framework in Frameworks */,
			);
			runOnlyForDeploymentPostprocessing = 0;
		};
		3A50AB301CBD1C5100BD7B1B /* Frameworks */ = {
			isa = PBXFrameworksBuildPhase;
			buildActionMask = 2147483647;
			files = (
			);
			runOnlyForDeploymentPostprocessing = 0;
		};
		3A50AB3B1CBD1C5100BD7B1B /* Frameworks */ = {
			isa = PBXFrameworksBuildPhase;
			buildActionMask = 2147483647;
			files = (
			);
			runOnlyForDeploymentPostprocessing = 0;
		};
/* End PBXFrameworksBuildPhase section */

/* Begin PBXGroup section */
		3A50AB161CBD1C5000BD7B1B = {
			isa = PBXGroup;
			children = (
				3A50AB211CBD1C5000BD7B1B /* Pantarevir */,
				3A50AB361CBD1C5100BD7B1B /* PantarevirTests */,
				3A50AB411CBD1C5100BD7B1B /* PantarevirUITests */,
				3A50AB201CBD1C5000BD7B1B /* Products */,
				D9FFC7A48B8AA5DD85261D71 /* Pods */,
				DC981F1BF50E04D75D67B869 /* Frameworks */,
			);
			sourceTree = "<group>";
		};
		3A50AB201CBD1C5000BD7B1B /* Products */ = {
			isa = PBXGroup;
			children = (
				3A50AB1F1CBD1C5000BD7B1B /* Pantarevir.app */,
				3A50AB331CBD1C5100BD7B1B /* PantarevirTests.xctest */,
				3A50AB3E1CBD1C5100BD7B1B /* PantarevirUITests.xctest */,
			);
			name = Products;
			sourceTree = "<group>";
		};
		3A50AB211CBD1C5000BD7B1B /* Pantarevir */ = {
			isa = PBXGroup;
			children = (
				3A50AB261CBD1C5000BD7B1B /* Main.storyboard */,
				3A90A8B81CBD2B0F00D32D65 /* CreateAccountViewController.swift */,
				3A50AB221CBD1C5000BD7B1B /* AppDelegate.swift */,
				3A50AB241CBD1C5000BD7B1B /* LoginViewController.swift */,
				3A9412AE1CDA712E00F13CDD /* Receipt.swift */,
				B0F363AB1CD91133000D6D30 /* Scan */,
				B0F363A91CD9109A000D6D30 /* Settings */,
				B0F363AA1CD9111C000D6D30 /* Menu */,
				B0F363A81CD9103D000D6D30 /* Toplist */,
				6300E0021CDA81DC00A4F4E2 /* Statistics */,
				B0F363B21CD91531000D6D30 /* RevirMaps */,
				3A90A8BA1CBD2D2F00D32D65 /* Constants.swift */,
				3A90A8BC1CBD2D4600D32D65 /* DataService.swift */,
				3A90A8BE1CBD2D5A00D32D65 /* UserInfo.swift */,
				3A50AB521CBD299300BD7B1B /* ForgotPasswordViewController.swift */,
				3A50AB291CBD1C5100BD7B1B /* Assets.xcassets */,
				3A50AB2B1CBD1C5100BD7B1B /* LaunchScreen.storyboard */,
				3A50AB2E1CBD1C5100BD7B1B /* Info.plist */,
				B0F363AC1CD913C4000D6D30 /* Pantarevir-Bridging-Header.h */,
			);
			path = Pantarevir;
			sourceTree = "<group>";
		};
		3A50AB361CBD1C5100BD7B1B /* PantarevirTests */ = {
			isa = PBXGroup;
			children = (
				3A50AB371CBD1C5100BD7B1B /* PantarevirTests.swift */,
				3A50AB391CBD1C5100BD7B1B /* Info.plist */,
			);
			path = PantarevirTests;
			sourceTree = "<group>";
		};
		3A50AB411CBD1C5100BD7B1B /* PantarevirUITests */ = {
			isa = PBXGroup;
			children = (
				3A50AB421CBD1C5100BD7B1B /* PantarevirUITests.swift */,
				3A50AB441CBD1C5100BD7B1B /* Info.plist */,
			);
			path = PantarevirUITests;
			sourceTree = "<group>";
		};
		6300E0021CDA81DC00A4F4E2 /* Statistics */ = {
			isa = PBXGroup;
			children = (
				6300E0071CDB770B00A4F4E2 /* StatisticsTableViewCell.swift */,
				6300E0051CDA837300A4F4E2 /* StatisticsTableViewController.swift */,
				6300E0091CDD009900A4F4E2 /* ActivityInfo.swift */,
				6300E00D1CDD55C000A4F4E2 /* StatisticsViewController.swift */,
			);
			name = Statistics;
			sourceTree = "<group>";
		};
		B0F363A81CD9103D000D6D30 /* Toplist */ = {
			isa = PBXGroup;
			children = (
				636E4C8C1CC50D4100904A43 /* ToplistTableViewController.swift */,
				630178A81CC4FAD200769027 /* ToplistViewController.swift */,
				632264BD1CC50A48008D7A86 /* ToplistTableViewCell.swift */,
			);
			name = Toplist;
			sourceTree = "<group>";
		};
		B0F363A91CD9109A000D6D30 /* Settings */ = {
			isa = PBXGroup;
			children = (
				636E4C8E1CCBE2C300904A43 /* SettingsViewController.swift */,
			);
			name = Settings;
			sourceTree = "<group>";
		};
		B0F363AA1CD9111C000D6D30 /* Menu */ = {
			isa = PBXGroup;
			children = (
				635DDA1B1CC06D8C00AA6503 /* MenuController.swift */,
				3A90A8B41CBD2A2D00D32D65 /* MainMenuViewController.swift */,
			);
			name = Menu;
			sourceTree = "<group>";
		};
		B0F363AB1CD91133000D6D30 /* Scan */ = {
			isa = PBXGroup;
			children = (
				3ADFB5211CCFE64700AA47C0 /* ScanReceiptViewController.swift */,
				63FECA7C1CE554040091A682 /* StoresViewController.swift */,
				63FECA761CE53FE00091A682 /* StoresTableViewCell.swift */,
				63FECA741CE53F980091A682 /* StoresTableViewController.swift */,
				63FECA7A1CE549580091A682 /* Store.swift */,
			);
			name = Scan;
			sourceTree = "<group>";
		};
		B0F363B21CD91531000D6D30 /* RevirMaps */ = {
			isa = PBXGroup;
			children = (
				636E4C901CD79BDD00904A43 /* MapViewController.swift */,
				B0F363C11CD918A5000D6D30 /* Revir.swift */,
				B0F363B61CD91746000D6D30 /* MKRevirAnnotation.swift */,
				B0F363BF1CD91837000D6D30 /* MKRevirCircleRenderer.swift */,
				B0F363B81CD91746000D6D30 /* RevirAnnotationView.swift */,
			);
			name = RevirMaps;
			sourceTree = "<group>";
		};
		D9FFC7A48B8AA5DD85261D71 /* Pods */ = {
			isa = PBXGroup;
			children = (
				E1901AB9E4B130491AED80F5 /* Pods.debug.xcconfig */,
				500D809DD0C2AE3391037C7A /* Pods.release.xcconfig */,
			);
			name = Pods;
			sourceTree = "<group>";
		};
		DC981F1BF50E04D75D67B869 /* Frameworks */ = {
			isa = PBXGroup;
			children = (
				B0F363B01CD9148E000D6D30 /* MapKit.framework */,
				CFC13975D2AA81C9331ADD0B /* Pods.framework */,
			);
			name = Frameworks;
			sourceTree = "<group>";
		};
/* End PBXGroup section */

/* Begin PBXNativeTarget section */
		3A50AB1E1CBD1C5000BD7B1B /* Pantarevir */ = {
			isa = PBXNativeTarget;
			buildConfigurationList = 3A50AB471CBD1C5100BD7B1B /* Build configuration list for PBXNativeTarget "Pantarevir" */;
			buildPhases = (
				A711253BF1EFBB18C4292FE1 /* Check Pods Manifest.lock */,
				3A50AB1B1CBD1C5000BD7B1B /* Sources */,
				3A50AB1C1CBD1C5000BD7B1B /* Frameworks */,
				3A50AB1D1CBD1C5000BD7B1B /* Resources */,
				C58E043A75B23271B28139B8 /* Embed Pods Frameworks */,
				77487F3D1D30ADA9BBAC614E /* Copy Pods Resources */,
			);
			buildRules = (
			);
			dependencies = (
			);
			name = Pantarevir;
			productName = Pantarevir;
			productReference = 3A50AB1F1CBD1C5000BD7B1B /* Pantarevir.app */;
			productType = "com.apple.product-type.application";
		};
		3A50AB321CBD1C5100BD7B1B /* PantarevirTests */ = {
			isa = PBXNativeTarget;
			buildConfigurationList = 3A50AB4A1CBD1C5100BD7B1B /* Build configuration list for PBXNativeTarget "PantarevirTests" */;
			buildPhases = (
				3A50AB2F1CBD1C5100BD7B1B /* Sources */,
				3A50AB301CBD1C5100BD7B1B /* Frameworks */,
				3A50AB311CBD1C5100BD7B1B /* Resources */,
			);
			buildRules = (
			);
			dependencies = (
				3A50AB351CBD1C5100BD7B1B /* PBXTargetDependency */,
			);
			name = PantarevirTests;
			productName = PantarevirTests;
			productReference = 3A50AB331CBD1C5100BD7B1B /* PantarevirTests.xctest */;
			productType = "com.apple.product-type.bundle.unit-test";
		};
		3A50AB3D1CBD1C5100BD7B1B /* PantarevirUITests */ = {
			isa = PBXNativeTarget;
			buildConfigurationList = 3A50AB4D1CBD1C5100BD7B1B /* Build configuration list for PBXNativeTarget "PantarevirUITests" */;
			buildPhases = (
				3A50AB3A1CBD1C5100BD7B1B /* Sources */,
				3A50AB3B1CBD1C5100BD7B1B /* Frameworks */,
				3A50AB3C1CBD1C5100BD7B1B /* Resources */,
			);
			buildRules = (
			);
			dependencies = (
				3A50AB401CBD1C5100BD7B1B /* PBXTargetDependency */,
			);
			name = PantarevirUITests;
			productName = PantarevirUITests;
			productReference = 3A50AB3E1CBD1C5100BD7B1B /* PantarevirUITests.xctest */;
			productType = "com.apple.product-type.bundle.ui-testing";
		};
/* End PBXNativeTarget section */

/* Begin PBXProject section */
		3A50AB171CBD1C5000BD7B1B /* Project object */ = {
			isa = PBXProject;
			attributes = {
				LastSwiftUpdateCheck = 0730;
				LastUpgradeCheck = 0730;
				ORGANIZATIONNAME = "PonyCorp Inc.";
				TargetAttributes = {
					3A50AB1E1CBD1C5000BD7B1B = {
						CreatedOnToolsVersion = 7.3;
						DevelopmentTeam = 5R334J9G7P;
						SystemCapabilities = {
							com.apple.Maps.iOS = {
								enabled = 1;
							};
						};
					};
					3A50AB321CBD1C5100BD7B1B = {
						CreatedOnToolsVersion = 7.3;
						TestTargetID = 3A50AB1E1CBD1C5000BD7B1B;
					};
					3A50AB3D1CBD1C5100BD7B1B = {
						CreatedOnToolsVersion = 7.3;
						TestTargetID = 3A50AB1E1CBD1C5000BD7B1B;
					};
				};
			};
			buildConfigurationList = 3A50AB1A1CBD1C5000BD7B1B /* Build configuration list for PBXProject "Pantarevir" */;
			compatibilityVersion = "Xcode 3.2";
			developmentRegion = English;
			hasScannedForEncodings = 0;
			knownRegions = (
				en,
				Base,
			);
			mainGroup = 3A50AB161CBD1C5000BD7B1B;
			productRefGroup = 3A50AB201CBD1C5000BD7B1B /* Products */;
			projectDirPath = "";
			projectRoot = "";
			targets = (
				3A50AB1E1CBD1C5000BD7B1B /* Pantarevir */,
				3A50AB321CBD1C5100BD7B1B /* PantarevirTests */,
				3A50AB3D1CBD1C5100BD7B1B /* PantarevirUITests */,
			);
		};
/* End PBXProject section */

/* Begin PBXResourcesBuildPhase section */
		3A50AB1D1CBD1C5000BD7B1B /* Resources */ = {
			isa = PBXResourcesBuildPhase;
			buildActionMask = 2147483647;
			files = (
				3A50AB2D1CBD1C5100BD7B1B /* LaunchScreen.storyboard in Resources */,
				3A50AB2A1CBD1C5100BD7B1B /* Assets.xcassets in Resources */,
				3A50AB281CBD1C5000BD7B1B /* Main.storyboard in Resources */,
			);
			runOnlyForDeploymentPostprocessing = 0;
		};
		3A50AB311CBD1C5100BD7B1B /* Resources */ = {
			isa = PBXResourcesBuildPhase;
			buildActionMask = 2147483647;
			files = (
			);
			runOnlyForDeploymentPostprocessing = 0;
		};
		3A50AB3C1CBD1C5100BD7B1B /* Resources */ = {
			isa = PBXResourcesBuildPhase;
			buildActionMask = 2147483647;
			files = (
			);
			runOnlyForDeploymentPostprocessing = 0;
		};
/* End PBXResourcesBuildPhase section */

/* Begin PBXShellScriptBuildPhase section */
		77487F3D1D30ADA9BBAC614E /* Copy Pods Resources */ = {
			isa = PBXShellScriptBuildPhase;
			buildActionMask = 2147483647;
			files = (
			);
			inputPaths = (
			);
			name = "Copy Pods Resources";
			outputPaths = (
			);
			runOnlyForDeploymentPostprocessing = 0;
			shellPath = /bin/sh;
			shellScript = "\"${SRCROOT}/Pods/Target Support Files/Pods/Pods-resources.sh\"\n";
			showEnvVarsInLog = 0;
		};
		A711253BF1EFBB18C4292FE1 /* Check Pods Manifest.lock */ = {
			isa = PBXShellScriptBuildPhase;
			buildActionMask = 2147483647;
			files = (
			);
			inputPaths = (
			);
			name = "Check Pods Manifest.lock";
			outputPaths = (
			);
			runOnlyForDeploymentPostprocessing = 0;
			shellPath = /bin/sh;
			shellScript = "diff \"${PODS_ROOT}/../Podfile.lock\" \"${PODS_ROOT}/Manifest.lock\" > /dev/null\nif [[ $? != 0 ]] ; then\n    cat << EOM\nerror: The sandbox is not in sync with the Podfile.lock. Run 'pod install' or update your CocoaPods installation.\nEOM\n    exit 1\nfi\n";
			showEnvVarsInLog = 0;
		};
		C58E043A75B23271B28139B8 /* Embed Pods Frameworks */ = {
			isa = PBXShellScriptBuildPhase;
			buildActionMask = 2147483647;
			files = (
			);
			inputPaths = (
			);
			name = "Embed Pods Frameworks";
			outputPaths = (
			);
			runOnlyForDeploymentPostprocessing = 0;
			shellPath = /bin/sh;
			shellScript = "\"${SRCROOT}/Pods/Target Support Files/Pods/Pods-frameworks.sh\"\n";
			showEnvVarsInLog = 0;
		};
/* End PBXShellScriptBuildPhase section */

/* Begin PBXSourcesBuildPhase section */
		3A50AB1B1CBD1C5000BD7B1B /* Sources */ = {
			isa = PBXSourcesBuildPhase;
			buildActionMask = 2147483647;
			files = (
				63FECA7D1CE554040091A682 /* StoresViewController.swift in Sources */,
				3A9412AF1CDA712E00F13CDD /* Receipt.swift in Sources */,
				B0F363C01CD91837000D6D30 /* MKRevirCircleRenderer.swift in Sources */,
				635DDA1C1CC06D8C00AA6503 /* MenuController.swift in Sources */,
				63FECA7B1CE549580091A682 /* Store.swift in Sources */,
				6300E00E1CDD55C000A4F4E2 /* StatisticsViewController.swift in Sources */,
				3A90A8B91CBD2B0F00D32D65 /* CreateAccountViewController.swift in Sources */,
				3A90A8BD1CBD2D4600D32D65 /* DataService.swift in Sources */,
				6300E0061CDA837300A4F4E2 /* StatisticsTableViewController.swift in Sources */,
				3A90A8B51CBD2A2D00D32D65 /* MainMenuViewController.swift in Sources */,
				3A50AB251CBD1C5000BD7B1B /* LoginViewController.swift in Sources */,
				B0F363BD1CD91746000D6D30 /* RevirAnnotationView.swift in Sources */,
				3A90A8BF1CBD2D5A00D32D65 /* UserInfo.swift in Sources */,
				636E4C8D1CC50D4100904A43 /* ToplistTableViewController.swift in Sources */,
				3A50AB231CBD1C5000BD7B1B /* AppDelegate.swift in Sources */,
				636E4C8F1CCBE2C300904A43 /* SettingsViewController.swift in Sources */,
				630178A91CC4FAD200769027 /* ToplistViewController.swift in Sources */,
				3A50AB531CBD299300BD7B1B /* ForgotPasswordViewController.swift in Sources */,
				3A90A8BB1CBD2D2F00D32D65 /* Constants.swift in Sources */,
				B0F363C21CD918A5000D6D30 /* Revir.swift in Sources */,
				B0F363BB1CD91746000D6D30 /* MKRevirAnnotation.swift in Sources */,
				63FECA771CE53FE00091A682 /* StoresTableViewCell.swift in Sources */,
				3ADFB5221CCFE64700AA47C0 /* ScanReceiptViewController.swift in Sources */,
				6300E00A1CDD009900A4F4E2 /* ActivityInfo.swift in Sources */,
				6300E0081CDB770B00A4F4E2 /* StatisticsTableViewCell.swift in Sources */,
				632264BE1CC50A48008D7A86 /* ToplistTableViewCell.swift in Sources */,
				63FECA751CE53F980091A682 /* StoresTableViewController.swift in Sources */,
				636E4C911CD79BDD00904A43 /* MapViewController.swift in Sources */,
			);
			runOnlyForDeploymentPostprocessing = 0;
		};
		3A50AB2F1CBD1C5100BD7B1B /* Sources */ = {
			isa = PBXSourcesBuildPhase;
			buildActionMask = 2147483647;
			files = (
				3A50AB381CBD1C5100BD7B1B /* PantarevirTests.swift in Sources */,
			);
			runOnlyForDeploymentPostprocessing = 0;
		};
		3A50AB3A1CBD1C5100BD7B1B /* Sources */ = {
			isa = PBXSourcesBuildPhase;
			buildActionMask = 2147483647;
			files = (
				3A50AB431CBD1C5100BD7B1B /* PantarevirUITests.swift in Sources */,
			);
			runOnlyForDeploymentPostprocessing = 0;
		};
/* End PBXSourcesBuildPhase section */

/* Begin PBXTargetDependency section */
		3A50AB351CBD1C5100BD7B1B /* PBXTargetDependency */ = {
			isa = PBXTargetDependency;
			target = 3A50AB1E1CBD1C5000BD7B1B /* Pantarevir */;
			targetProxy = 3A50AB341CBD1C5100BD7B1B /* PBXContainerItemProxy */;
		};
		3A50AB401CBD1C5100BD7B1B /* PBXTargetDependency */ = {
			isa = PBXTargetDependency;
			target = 3A50AB1E1CBD1C5000BD7B1B /* Pantarevir */;
			targetProxy = 3A50AB3F1CBD1C5100BD7B1B /* PBXContainerItemProxy */;
		};
/* End PBXTargetDependency section */

/* Begin PBXVariantGroup section */
		3A50AB261CBD1C5000BD7B1B /* Main.storyboard */ = {
			isa = PBXVariantGroup;
			children = (
				3A50AB271CBD1C5000BD7B1B /* Base */,
			);
			name = Main.storyboard;
			sourceTree = "<group>";
		};
		3A50AB2B1CBD1C5100BD7B1B /* LaunchScreen.storyboard */ = {
			isa = PBXVariantGroup;
			children = (
				3A50AB2C1CBD1C5100BD7B1B /* Base */,
			);
			name = LaunchScreen.storyboard;
			sourceTree = "<group>";
		};
/* End PBXVariantGroup section */

/* Begin XCBuildConfiguration section */
		3A50AB451CBD1C5100BD7B1B /* Debug */ = {
			isa = XCBuildConfiguration;
			buildSettings = {
				ALWAYS_SEARCH_USER_PATHS = NO;
				CLANG_ANALYZER_NONNULL = YES;
				CLANG_CXX_LANGUAGE_STANDARD = "gnu++0x";
				CLANG_CXX_LIBRARY = "libc++";
				CLANG_ENABLE_MODULES = YES;
				CLANG_ENABLE_OBJC_ARC = YES;
				CLANG_WARN_BOOL_CONVERSION = YES;
				CLANG_WARN_CONSTANT_CONVERSION = YES;
				CLANG_WARN_DIRECT_OBJC_ISA_USAGE = YES_ERROR;
				CLANG_WARN_EMPTY_BODY = YES;
				CLANG_WARN_ENUM_CONVERSION = YES;
				CLANG_WARN_INT_CONVERSION = YES;
				CLANG_WARN_OBJC_ROOT_CLASS = YES_ERROR;
				CLANG_WARN_UNREACHABLE_CODE = YES;
				CLANG_WARN__DUPLICATE_METHOD_MATCH = YES;
				"CODE_SIGN_IDENTITY[sdk=iphoneos*]" = "iPhone Developer";
				COPY_PHASE_STRIP = NO;
				DEBUG_INFORMATION_FORMAT = dwarf;
				ENABLE_BITCODE = NO;
				ENABLE_STRICT_OBJC_MSGSEND = YES;
				ENABLE_TESTABILITY = YES;
				GCC_C_LANGUAGE_STANDARD = gnu99;
				GCC_DYNAMIC_NO_PIC = NO;
				GCC_NO_COMMON_BLOCKS = YES;
				GCC_OPTIMIZATION_LEVEL = 0;
				GCC_PREPROCESSOR_DEFINITIONS = (
					"DEBUG=1",
					"$(inherited)",
				);
				GCC_WARN_64_TO_32_BIT_CONVERSION = YES;
				GCC_WARN_ABOUT_RETURN_TYPE = YES_ERROR;
				GCC_WARN_UNDECLARED_SELECTOR = YES;
				GCC_WARN_UNINITIALIZED_AUTOS = YES_AGGRESSIVE;
				GCC_WARN_UNUSED_FUNCTION = YES;
				GCC_WARN_UNUSED_VARIABLE = YES;
				IPHONEOS_DEPLOYMENT_TARGET = 9.3;
				MTL_ENABLE_DEBUG_INFO = YES;
				ONLY_ACTIVE_ARCH = YES;
				SDKROOT = iphoneos;
				SWIFT_OPTIMIZATION_LEVEL = "-Onone";
			};
			name = Debug;
		};
		3A50AB461CBD1C5100BD7B1B /* Release */ = {
			isa = XCBuildConfiguration;
			buildSettings = {
				ALWAYS_SEARCH_USER_PATHS = NO;
				CLANG_ANALYZER_NONNULL = YES;
				CLANG_CXX_LANGUAGE_STANDARD = "gnu++0x";
				CLANG_CXX_LIBRARY = "libc++";
				CLANG_ENABLE_MODULES = YES;
				CLANG_ENABLE_OBJC_ARC = YES;
				CLANG_WARN_BOOL_CONVERSION = YES;
				CLANG_WARN_CONSTANT_CONVERSION = YES;
				CLANG_WARN_DIRECT_OBJC_ISA_USAGE = YES_ERROR;
				CLANG_WARN_EMPTY_BODY = YES;
				CLANG_WARN_ENUM_CONVERSION = YES;
				CLANG_WARN_INT_CONVERSION = YES;
				CLANG_WARN_OBJC_ROOT_CLASS = YES_ERROR;
				CLANG_WARN_UNREACHABLE_CODE = YES;
				CLANG_WARN__DUPLICATE_METHOD_MATCH = YES;
				"CODE_SIGN_IDENTITY[sdk=iphoneos*]" = "iPhone Developer";
				COPY_PHASE_STRIP = NO;
				DEBUG_INFORMATION_FORMAT = "dwarf-with-dsym";
				ENABLE_BITCODE = NO;
				ENABLE_NS_ASSERTIONS = NO;
				ENABLE_STRICT_OBJC_MSGSEND = YES;
				GCC_C_LANGUAGE_STANDARD = gnu99;
				GCC_NO_COMMON_BLOCKS = YES;
				GCC_WARN_64_TO_32_BIT_CONVERSION = YES;
				GCC_WARN_ABOUT_RETURN_TYPE = YES_ERROR;
				GCC_WARN_UNDECLARED_SELECTOR = YES;
				GCC_WARN_UNINITIALIZED_AUTOS = YES_AGGRESSIVE;
				GCC_WARN_UNUSED_FUNCTION = YES;
				GCC_WARN_UNUSED_VARIABLE = YES;
				IPHONEOS_DEPLOYMENT_TARGET = 9.3;
				MTL_ENABLE_DEBUG_INFO = NO;
				SDKROOT = iphoneos;
				SWIFT_OPTIMIZATION_LEVEL = "-Onone";
				VALIDATE_PRODUCT = NO;
			};
			name = Release;
		};
		3A50AB481CBD1C5100BD7B1B /* Debug */ = {
			isa = XCBuildConfiguration;
			baseConfigurationReference = E1901AB9E4B130491AED80F5 /* Pods.debug.xcconfig */;
			buildSettings = {
				ASSETCATALOG_COMPILER_APPICON_NAME = AppIcon;
				CLANG_ENABLE_MODULES = YES;
				CODE_SIGN_IDENTITY = "iPhone Developer";
				"CODE_SIGN_IDENTITY[sdk=iphoneos*]" = "iPhone Developer";
				ENABLE_BITCODE = NO;
				INFOPLIST_FILE = Pantarevir/Info.plist;
				LD_RUNPATH_SEARCH_PATHS = "$(inherited) @executable_path/Frameworks";
				PRODUCT_BUNDLE_IDENTIFIER = PonyCorp.Pantarevir3;
				PRODUCT_NAME = "$(TARGET_NAME)";
				PROVISIONING_PROFILE = "";
				SWIFT_OBJC_BRIDGING_HEADER = "Pantarevir/Pantarevir-Bridging-Header.h";
				SWIFT_OPTIMIZATION_LEVEL = "-Onone";
			};
			name = Debug;
		};
		3A50AB491CBD1C5100BD7B1B /* Release */ = {
			isa = XCBuildConfiguration;
			baseConfigurationReference = 500D809DD0C2AE3391037C7A /* Pods.release.xcconfig */;
			buildSettings = {
				ASSETCATALOG_COMPILER_APPICON_NAME = AppIcon;
				CLANG_ENABLE_MODULES = YES;
				CODE_SIGN_IDENTITY = "iPhone Developer";
				"CODE_SIGN_IDENTITY[sdk=iphoneos*]" = "iPhone Developer";
				ENABLE_BITCODE = NO;
				INFOPLIST_FILE = Pantarevir/Info.plist;
				LD_RUNPATH_SEARCH_PATHS = "$(inherited) @executable_path/Frameworks";
				PRODUCT_BUNDLE_IDENTIFIER = PonyCorp.Pantarevir3;
				PRODUCT_NAME = "$(TARGET_NAME)";
				PROVISIONING_PROFILE = "";
				SWIFT_OBJC_BRIDGING_HEADER = "Pantarevir/Pantarevir-Bridging-Header.h";
				SWIFT_OPTIMIZATION_LEVEL = "-Onone";
			};
			name = Release;
		};
		3A50AB4B1CBD1C5100BD7B1B /* Debug */ = {
			isa = XCBuildConfiguration;
			buildSettings = {
				BUNDLE_LOADER = "$(TEST_HOST)";
				ENABLE_BITCODE = NO;
				INFOPLIST_FILE = PantarevirTests/Info.plist;
				LD_RUNPATH_SEARCH_PATHS = "$(inherited) @executable_path/Frameworks @loader_path/Frameworks";
				PRODUCT_BUNDLE_IDENTIFIER = PonyCorp.PantarevirTests;
				PRODUCT_NAME = "$(TARGET_NAME)";
				TEST_HOST = "$(BUILT_PRODUCTS_DIR)/Pantarevir.app/Pantarevir";
			};
			name = Debug;
		};
		3A50AB4C1CBD1C5100BD7B1B /* Release */ = {
			isa = XCBuildConfiguration;
			buildSettings = {
				BUNDLE_LOADER = "$(TEST_HOST)";
				ENABLE_BITCODE = NO;
				INFOPLIST_FILE = PantarevirTests/Info.plist;
				LD_RUNPATH_SEARCH_PATHS = "$(inherited) @executable_path/Frameworks @loader_path/Frameworks";
				PRODUCT_BUNDLE_IDENTIFIER = PonyCorp.PantarevirTests;
				PRODUCT_NAME = "$(TARGET_NAME)";
				TEST_HOST = "$(BUILT_PRODUCTS_DIR)/Pantarevir.app/Pantarevir";
			};
			name = Release;
		};
		3A50AB4E1CBD1C5100BD7B1B /* Debug */ = {
			isa = XCBuildConfiguration;
			buildSettings = {
				ENABLE_BITCODE = NO;
				INFOPLIST_FILE = PantarevirUITests/Info.plist;
				LD_RUNPATH_SEARCH_PATHS = "$(inherited) @executable_path/Frameworks @loader_path/Frameworks";
				PRODUCT_BUNDLE_IDENTIFIER = PonyCorp.PantarevirUITests;
				PRODUCT_NAME = "$(TARGET_NAME)";
				TEST_TARGET_NAME = Pantarevir;
			};
			name = Debug;
		};
		3A50AB4F1CBD1C5100BD7B1B /* Release */ = {
			isa = XCBuildConfiguration;
			buildSettings = {
				ENABLE_BITCODE = NO;
				INFOPLIST_FILE = PantarevirUITests/Info.plist;
				LD_RUNPATH_SEARCH_PATHS = "$(inherited) @executable_path/Frameworks @loader_path/Frameworks";
				PRODUCT_BUNDLE_IDENTIFIER = PonyCorp.PantarevirUITests;
				PRODUCT_NAME = "$(TARGET_NAME)";
				TEST_TARGET_NAME = Pantarevir;
			};
			name = Release;
		};
/* End XCBuildConfiguration section */

/* Begin XCConfigurationList section */
		3A50AB1A1CBD1C5000BD7B1B /* Build configuration list for PBXProject "Pantarevir" */ = {
			isa = XCConfigurationList;
			buildConfigurations = (
				3A50AB451CBD1C5100BD7B1B /* Debug */,
				3A50AB461CBD1C5100BD7B1B /* Release */,
			);
			defaultConfigurationIsVisible = 0;
			defaultConfigurationName = Release;
		};
		3A50AB471CBD1C5100BD7B1B /* Build configuration list for PBXNativeTarget "Pantarevir" */ = {
			isa = XCConfigurationList;
			buildConfigurations = (
				3A50AB481CBD1C5100BD7B1B /* Debug */,
				3A50AB491CBD1C5100BD7B1B /* Release */,
			);
			defaultConfigurationIsVisible = 0;
			defaultConfigurationName = Release;
		};
		3A50AB4A1CBD1C5100BD7B1B /* Build configuration list for PBXNativeTarget "PantarevirTests" */ = {
			isa = XCConfigurationList;
			buildConfigurations = (
				3A50AB4B1CBD1C5100BD7B1B /* Debug */,
				3A50AB4C1CBD1C5100BD7B1B /* Release */,
			);
			defaultConfigurationIsVisible = 0;
			defaultConfigurationName = Release;
		};
		3A50AB4D1CBD1C5100BD7B1B /* Build configuration list for PBXNativeTarget "PantarevirUITests" */ = {
			isa = XCConfigurationList;
			buildConfigurations = (
				3A50AB4E1CBD1C5100BD7B1B /* Debug */,
				3A50AB4F1CBD1C5100BD7B1B /* Release */,
			);
			defaultConfigurationIsVisible = 0;
			defaultConfigurationName = Release;
		};
/* End XCConfigurationList section */
	};
	rootObject = 3A50AB171CBD1C5000BD7B1B /* Project object */;
}
